{
  "version": 4,
  "terraform_version": "1.6.6",
  "serial": 16,
  "lineage": "51aefee5-c8c4-6c22-f3fd-02ab91efb17e",
  "outputs": {
    "webapp_ips": {
      "value": "172.212.46.165,172.212.46.179,172.212.43.128,172.212.46.185,172.212.43.151,172.212.45.231,172.212.45.9,172.212.41.181,172.212.45.37,172.212.45.48,172.212.45.58,172.212.45.69,20.119.8.51",
      "type": "string"
    },
    "webapp_url": {
      "value": "3tierwebapp24.azurewebsites.net",
      "type": "string"
    }
  },
  "resources": [
    {
      "mode": "managed",
      "type": "azurerm_linux_web_app",
      "name": "webapp87",
      "provider": "provider[\"registry.terraform.io/hashicorp/azurerm\"]",
      "instances": [
        {
          "schema_version": 1,
          "attributes": {
            "app_settings": null,
            "auth_settings": [],
            "auth_settings_v2": [],
            "backup": [],
            "client_affinity_enabled": false,
            "client_certificate_enabled": false,
            "client_certificate_exclusion_paths": "",
            "client_certificate_mode": "Required",
            "connection_string": [],
            "custom_domain_verification_id": "91A23AAFDA213EBF71FFB4C0BF58FC977DB34F0DBC50D504E72DCC179C18565B",
            "default_hostname": "3tierwebapp24.azurewebsites.net",
            "enabled": true,
            "ftp_publish_basic_authentication_enabled": true,
            "hosting_environment_id": "",
            "https_only": false,
            "id": "/subscriptions/5b2ade68-3ca0-48fe-8c0f-7365c5381343/resourceGroups/apprg/providers/Microsoft.Web/sites/3tierwebapp24",
            "identity": [],
            "key_vault_reference_identity_id": "SystemAssigned",
            "kind": "app,linux",
            "location": "eastus",
            "logs": [],
            "name": "3tierwebapp24",
            "outbound_ip_address_list": [
              "172.212.46.165",
              "172.212.46.179",
              "172.212.43.128",
              "172.212.46.185",
              "172.212.43.151",
              "172.212.45.231",
              "172.212.45.9",
              "172.212.41.181",
              "172.212.45.37",
              "172.212.45.48",
              "172.212.45.58",
              "172.212.45.69",
              "20.119.8.51"
            ],
            "outbound_ip_addresses": "172.212.46.165,172.212.46.179,172.212.43.128,172.212.46.185,172.212.43.151,172.212.45.231,172.212.45.9,172.212.41.181,172.212.45.37,172.212.45.48,172.212.45.58,172.212.45.69,20.119.8.51",
            "possible_outbound_ip_address_list": [
              "172.212.46.165",
              "172.212.46.179",
              "172.212.43.128",
              "172.212.46.185",
              "172.212.43.151",
              "172.212.45.231",
              "172.212.45.9",
              "172.212.41.181",
              "172.212.45.37",
              "172.212.45.48",
              "172.212.45.58",
              "172.212.45.69",
              "172.212.45.73",
              "172.212.45.88",
              "172.212.45.210",
              "172.212.45.239",
              "172.212.46.25",
              "172.212.46.51",
              "172.212.46.54",
              "172.212.46.83",
              "172.212.46.89",
              "172.212.46.108",
              "172.212.46.130",
              "172.212.46.132",
              "172.212.46.165",
              "172.212.46.179",
              "172.212.43.128",
              "172.212.46.185",
              "172.212.43.151",
              "172.212.45.231",
              "172.212.46.218",
              "172.212.45.223",
              "172.212.44.35",
              "172.212.46.240",
              "172.212.47.0",
              "172.212.47.4",
              "20.119.8.51"
            ],
            "possible_outbound_ip_addresses": "172.212.46.165,172.212.46.179,172.212.43.128,172.212.46.185,172.212.43.151,172.212.45.231,172.212.45.9,172.212.41.181,172.212.45.37,172.212.45.48,172.212.45.58,172.212.45.69,172.212.45.73,172.212.45.88,172.212.45.210,172.212.45.239,172.212.46.25,172.212.46.51,172.212.46.54,172.212.46.83,172.212.46.89,172.212.46.108,172.212.46.130,172.212.46.132,172.212.46.165,172.212.46.179,172.212.43.128,172.212.46.185,172.212.43.151,172.212.45.231,172.212.46.218,172.212.45.223,172.212.44.35,172.212.46.240,172.212.47.0,172.212.47.4,20.119.8.51",
            "public_network_access_enabled": true,
            "resource_group_name": "apprg",
            "service_plan_id": "/subscriptions/5b2ade68-3ca0-48fe-8c0f-7365c5381343/resourceGroups/apprg/providers/Microsoft.Web/serverFarms/myplan",
            "site_config": [
              {
                "always_on": true,
                "api_definition_url": "",
                "api_management_api_id": "",
                "app_command_line": "",
                "application_stack": [
                  {
                    "docker_image": "",
                    "docker_image_name": "",
                    "docker_image_tag": "",
                    "docker_registry_password": "",
                    "docker_registry_url": "",
                    "docker_registry_username": "",
                    "dotnet_version": "",
                    "go_version": "",
                    "java_server": "",
                    "java_server_version": "",
                    "java_version": "",
                    "node_version": "",
                    "php_version": "",
                    "python_version": "",
                    "ruby_version": ""
                  }
                ],
                "auto_heal_enabled": false,
                "auto_heal_setting": [],
                "container_registry_managed_identity_client_id": "",
                "container_registry_use_managed_identity": false,
                "cors": [],
                "default_documents": [
                  "Default.htm",
                  "Default.html",
                  "Default.asp",
                  "index.htm",
                  "index.html",
                  "iisstart.htm",
                  "default.aspx",
                  "index.php",
                  "hostingstart.html"
                ],
                "detailed_error_logging_enabled": false,
                "ftps_state": "Disabled",
                "health_check_eviction_time_in_min": 0,
                "health_check_path": "",
                "http2_enabled": false,
                "ip_restriction": [],
                "ip_restriction_default_action": "Allow",
                "linux_fx_version": "",
                "load_balancing_mode": "LeastRequests",
                "local_mysql_enabled": false,
                "managed_pipeline_mode": "Integrated",
                "minimum_tls_version": "1.2",
                "remote_debugging_enabled": false,
                "remote_debugging_version": "VS2019",
                "scm_ip_restriction": [],
                "scm_ip_restriction_default_action": "Allow",
                "scm_minimum_tls_version": "1.2",
                "scm_type": "None",
                "scm_use_main_ip_restriction": false,
                "use_32_bit_worker": true,
                "vnet_route_all_enabled": false,
                "websockets_enabled": false,
                "worker_count": 1
              }
            ],
            "site_credential": [
              {
                "name": "$3tierwebapp24",
                "password": "RhGFmp9Rruq0i1f3DePPCDrpijuygToBYn72o2Y0NoHuWhRXE9DkfPglditR"
              }
            ],
            "sticky_settings": [],
            "storage_account": [],
            "tags": null,
            "timeouts": null,
            "virtual_network_subnet_id": "",
            "webdeploy_publish_basic_authentication_enabled": true,
            "zip_deploy_file": ""
          },
          "sensitive_attributes": [],
          "private": "eyJlMmJmYjczMC1lY2FhLTExZTYtOGY4OC0zNDM2M2JjN2M0YzAiOnsiY3JlYXRlIjoxODAwMDAwMDAwMDAwLCJkZWxldGUiOjE4MDAwMDAwMDAwMDAsInJlYWQiOjMwMDAwMDAwMDAwMCwidXBkYXRlIjoxODAwMDAwMDAwMDAwfSwic2NoZW1hX3ZlcnNpb24iOiIxIn0=",
          "dependencies": [
            "azurerm_resource_group.apprg",
            "azurerm_service_plan.myplan"
          ]
        }
      ]
    },
    {
      "mode": "managed",
      "type": "azurerm_mssql_database",
      "name": "myapp",
      "provider": "provider[\"registry.terraform.io/hashicorp/azurerm\"]",
      "instances": [
        {
          "schema_version": 1,
          "attributes": {
            "auto_pause_delay_in_minutes": 0,
            "collation": "SQL_Latin1_General_CP1_CI_AS",
            "create_mode": "Default",
            "creation_source_database_id": null,
            "elastic_pool_id": "",
            "enclave_type": "",
            "geo_backup_enabled": true,
            "id": "/subscriptions/5b2ade68-3ca0-48fe-8c0f-7365c5381343/resourceGroups/apprg/providers/Microsoft.Sql/servers/sqlserver87/databases/phpapp",
            "identity": [],
            "import": [],
            "ledger_enabled": false,
            "license_type": "",
            "long_term_retention_policy": [
              {
                "immutable_backups_enabled": false,
                "monthly_retention": "PT0S",
                "week_of_year": 1,
                "weekly_retention": "PT0S",
                "yearly_retention": "PT0S"
              }
            ],
            "maintenance_configuration_name": "SQL_Default",
            "max_size_gb": 1,
            "min_capacity": 0,
            "name": "phpapp",
            "read_replica_count": 0,
            "read_scale": false,
            "recover_database_id": null,
            "recovery_point_id": null,
            "restore_dropped_database_id": null,
            "restore_long_term_retention_backup_id": null,
            "restore_point_in_time": null,
            "sample_name": null,
            "server_id": "/subscriptions/5b2ade68-3ca0-48fe-8c0f-7365c5381343/resourceGroups/apprg/providers/Microsoft.Sql/servers/sqlserver87",
            "short_term_retention_policy": [
              {
                "backup_interval_in_hours": 24,
                "retention_days": 7
              }
            ],
            "sku_name": "S0",
            "storage_account_type": "Geo",
            "tags": {},
            "threat_detection_policy": [
              {
                "disabled_alerts": [],
                "email_account_admins": "Disabled",
                "email_addresses": [],
                "retention_days": 0,
                "state": "Disabled",
                "storage_account_access_key": "",
                "storage_endpoint": ""
              }
            ],
            "timeouts": null,
            "transparent_data_encryption_enabled": true,
            "transparent_data_encryption_key_automatic_rotation_enabled": false,
            "transparent_data_encryption_key_vault_key_id": "",
            "zone_redundant": false
          },
          "sensitive_attributes": [],
          "private": "eyJlMmJmYjczMC1lY2FhLTExZTYtOGY4OC0zNDM2M2JjN2M0YzAiOnsiY3JlYXRlIjozNjAwMDAwMDAwMDAwLCJkZWxldGUiOjM2MDAwMDAwMDAwMDAsInJlYWQiOjMwMDAwMDAwMDAwMCwidXBkYXRlIjozNjAwMDAwMDAwMDAwfSwic2NoZW1hX3ZlcnNpb24iOiIxIn0=",
          "dependencies": [
            "azurerm_mssql_server.appserver",
            "azurerm_resource_group.apprg"
          ]
        }
      ]
    },
    {
      "mode": "managed",
      "type": "azurerm_mssql_server",
      "name": "appserver",
      "provider": "provider[\"registry.terraform.io/hashicorp/azurerm\"]",
      "instances": [
        {
          "schema_version": 0,
          "attributes": {
            "administrator_login": "missadministrator",
            "administrator_login_password": "soumya@1987",
            "azuread_administrator": [],
            "connection_policy": "Default",
            "fully_qualified_domain_name": "sqlserver87.database.windows.net",
            "id": "/subscriptions/5b2ade68-3ca0-48fe-8c0f-7365c5381343/resourceGroups/apprg/providers/Microsoft.Sql/servers/sqlserver87",
            "identity": [],
            "location": "eastus",
            "minimum_tls_version": "1.2",
            "name": "sqlserver87",
            "outbound_network_restriction_enabled": false,
            "primary_user_assigned_identity_id": "",
            "public_network_access_enabled": true,
            "resource_group_name": "apprg",
            "restorable_dropped_database_ids": [],
            "tags": {},
            "timeouts": null,
            "transparent_data_encryption_key_vault_key_id": "",
            "version": "12.0"
          },
          "sensitive_attributes": [],
          "private": "eyJlMmJmYjczMC1lY2FhLTExZTYtOGY4OC0zNDM2M2JjN2M0YzAiOnsiY3JlYXRlIjozNjAwMDAwMDAwMDAwLCJkZWxldGUiOjM2MDAwMDAwMDAwMDAsInJlYWQiOjMwMDAwMDAwMDAwMCwidXBkYXRlIjozNjAwMDAwMDAwMDAwfX0=",
          "dependencies": [
            "azurerm_resource_group.apprg"
          ]
        }
      ]
    },
    {
      "mode": "managed",
      "type": "azurerm_resource_group",
      "name": "apprg",
      "provider": "provider[\"registry.terraform.io/hashicorp/azurerm\"]",
      "instances": [
        {
          "schema_version": 0,
          "attributes": {
            "id": "/subscriptions/5b2ade68-3ca0-48fe-8c0f-7365c5381343/resourceGroups/apprg",
            "location": "eastus",
            "managed_by": "",
            "name": "apprg",
            "tags": {
              "environment": "production"
            },
            "timeouts": null
          },
          "sensitive_attributes": [],
          "private": "eyJlMmJmYjczMC1lY2FhLTExZTYtOGY4OC0zNDM2M2JjN2M0YzAiOnsiY3JlYXRlIjo1NDAwMDAwMDAwMDAwLCJkZWxldGUiOjU0MDAwMDAwMDAwMDAsInJlYWQiOjMwMDAwMDAwMDAwMCwidXBkYXRlIjo1NDAwMDAwMDAwMDAwfX0="
        }
      ]
    },
    {
      "mode": "managed",
      "type": "azurerm_service_plan",
      "name": "myplan",
      "provider": "provider[\"registry.terraform.io/hashicorp/azurerm\"]",
      "instances": [
        {
          "schema_version": 1,
          "attributes": {
            "app_service_environment_id": "",
            "id": "/subscriptions/5b2ade68-3ca0-48fe-8c0f-7365c5381343/resourceGroups/apprg/providers/Microsoft.Web/serverFarms/myplan",
            "kind": "linux",
            "location": "eastus",
            "maximum_elastic_worker_count": 1,
            "name": "myplan",
            "os_type": "Linux",
            "per_site_scaling_enabled": false,
            "reserved": true,
            "resource_group_name": "apprg",
            "sku_name": "B1",
            "tags": {},
            "timeouts": null,
            "worker_count": 1,
            "zone_balancing_enabled": false
          },
          "sensitive_attributes": [],
          "private": "eyJlMmJmYjczMC1lY2FhLTExZTYtOGY4OC0zNDM2M2JjN2M0YzAiOnsiY3JlYXRlIjozNjAwMDAwMDAwMDAwLCJkZWxldGUiOjM2MDAwMDAwMDAwMDAsInJlYWQiOjMwMDAwMDAwMDAwMCwidXBkYXRlIjozNjAwMDAwMDAwMDAwfSwic2NoZW1hX3ZlcnNpb24iOiIxIn0=",
          "dependencies": [
            "azurerm_resource_group.apprg"
          ]
        }
      ]
    },
    {
      "mode": "managed",
      "type": "azurerm_storage_account",
      "name": "appstorage",
      "provider": "provider[\"registry.terraform.io/hashicorp/azurerm\"]",
      "instances": [
        {
          "schema_version": 4,
          "attributes": {
            "access_tier": "Hot",
            "account_kind": "StorageV2",
            "account_replication_type": "GRS",
            "account_tier": "Standard",
            "allow_nested_items_to_be_public": true,
            "allowed_copy_scope": "",
            "azure_files_authentication": [],
            "blob_properties": [
              {
                "change_feed_enabled": false,
                "change_feed_retention_in_days": 0,
                "container_delete_retention_policy": [],
                "cors_rule": [],
                "default_service_version": "",
                "delete_retention_policy": [],
                "last_access_time_enabled": false,
                "restore_policy": [],
                "versioning_enabled": false
              }
            ],
            "cross_tenant_replication_enabled": true,
            "custom_domain": [],
            "customer_managed_key": [],
            "default_to_oauth_authentication": false,
            "dns_endpoint_type": "Standard",
            "edge_zone": "",
            "enable_https_traffic_only": true,
            "id": "/subscriptions/5b2ade68-3ca0-48fe-8c0f-7365c5381343/resourceGroups/apprg/providers/Microsoft.Storage/storageAccounts/appsdeploy87",
            "identity": [],
            "immutability_policy": [],
            "infrastructure_encryption_enabled": false,
            "is_hns_enabled": false,
            "large_file_share_enabled": null,
            "local_user_enabled": true,
            "location": "eastus",
            "min_tls_version": "TLS1_2",
            "name": "appsdeploy87",
            "network_rules": [
              {
                "bypass": [
                  "AzureServices"
                ],
                "default_action": "Allow",
                "ip_rules": [],
                "private_link_access": [],
                "virtual_network_subnet_ids": []
              }
            ],
            "nfsv3_enabled": false,
            "primary_access_key": "pHTWG6IU2N5SppvbrfLenMDRlcFhMmY8JmKIPvr4E3Du2kR+mMuXiGsWRyQbuJU/rvgwuix+WgAw+AStp3CJlQ==",
            "primary_blob_connection_string": "DefaultEndpointsProtocol=https;BlobEndpoint=https://appsdeploy87.blob.core.windows.net/;AccountName=appsdeploy87;AccountKey=pHTWG6IU2N5SppvbrfLenMDRlcFhMmY8JmKIPvr4E3Du2kR+mMuXiGsWRyQbuJU/rvgwuix+WgAw+AStp3CJlQ==",
            "primary_blob_endpoint": "https://appsdeploy87.blob.core.windows.net/",
            "primary_blob_host": "appsdeploy87.blob.core.windows.net",
            "primary_blob_internet_endpoint": "",
            "primary_blob_internet_host": "",
            "primary_blob_microsoft_endpoint": "",
            "primary_blob_microsoft_host": "",
            "primary_connection_string": "DefaultEndpointsProtocol=https;AccountName=appsdeploy87;AccountKey=pHTWG6IU2N5SppvbrfLenMDRlcFhMmY8JmKIPvr4E3Du2kR+mMuXiGsWRyQbuJU/rvgwuix+WgAw+AStp3CJlQ==;EndpointSuffix=core.windows.net",
            "primary_dfs_endpoint": "https://appsdeploy87.dfs.core.windows.net/",
            "primary_dfs_host": "appsdeploy87.dfs.core.windows.net",
            "primary_dfs_internet_endpoint": "",
            "primary_dfs_internet_host": "",
            "primary_dfs_microsoft_endpoint": "",
            "primary_dfs_microsoft_host": "",
            "primary_file_endpoint": "https://appsdeploy87.file.core.windows.net/",
            "primary_file_host": "appsdeploy87.file.core.windows.net",
            "primary_file_internet_endpoint": "",
            "primary_file_internet_host": "",
            "primary_file_microsoft_endpoint": "",
            "primary_file_microsoft_host": "",
            "primary_location": "eastus",
            "primary_queue_endpoint": "https://appsdeploy87.queue.core.windows.net/",
            "primary_queue_host": "appsdeploy87.queue.core.windows.net",
            "primary_queue_microsoft_endpoint": "",
            "primary_queue_microsoft_host": "",
            "primary_table_endpoint": "https://appsdeploy87.table.core.windows.net/",
            "primary_table_host": "appsdeploy87.table.core.windows.net",
            "primary_table_microsoft_endpoint": "",
            "primary_table_microsoft_host": "",
            "primary_web_endpoint": "https://appsdeploy87.z13.web.core.windows.net/",
            "primary_web_host": "appsdeploy87.z13.web.core.windows.net",
            "primary_web_internet_endpoint": "",
            "primary_web_internet_host": "",
            "primary_web_microsoft_endpoint": "",
            "primary_web_microsoft_host": "",
            "public_network_access_enabled": true,
            "queue_encryption_key_type": "Service",
            "queue_properties": [
              {
                "cors_rule": [],
                "hour_metrics": [
                  {
                    "enabled": true,
                    "include_apis": true,
                    "retention_policy_days": 7,
                    "version": "1.0"
                  }
                ],
                "logging": [
                  {
                    "delete": false,
                    "read": false,
                    "retention_policy_days": 0,
                    "version": "1.0",
                    "write": false
                  }
                ],
                "minute_metrics": [
                  {
                    "enabled": false,
                    "include_apis": false,
                    "retention_policy_days": 0,
                    "version": "1.0"
                  }
                ]
              }
            ],
            "resource_group_name": "apprg",
            "routing": [],
            "sas_policy": [],
            "secondary_access_key": "BvVGraLzKrEDF6HnB1/sACTMFK/52qN0q0cLauG8LR5noiqgDxGPa24uGUeHdIO4qLO6LvGMvBs8+AStiULLvw==",
            "secondary_blob_connection_string": "",
            "secondary_blob_endpoint": null,
            "secondary_blob_host": null,
            "secondary_blob_internet_endpoint": null,
            "secondary_blob_internet_host": null,
            "secondary_blob_microsoft_endpoint": null,
            "secondary_blob_microsoft_host": null,
            "secondary_connection_string": "DefaultEndpointsProtocol=https;AccountName=appsdeploy87;AccountKey=BvVGraLzKrEDF6HnB1/sACTMFK/52qN0q0cLauG8LR5noiqgDxGPa24uGUeHdIO4qLO6LvGMvBs8+AStiULLvw==;EndpointSuffix=core.windows.net",
            "secondary_dfs_endpoint": null,
            "secondary_dfs_host": null,
            "secondary_dfs_internet_endpoint": null,
            "secondary_dfs_internet_host": null,
            "secondary_dfs_microsoft_endpoint": null,
            "secondary_dfs_microsoft_host": null,
            "secondary_file_endpoint": null,
            "secondary_file_host": null,
            "secondary_file_internet_endpoint": null,
            "secondary_file_internet_host": null,
            "secondary_file_microsoft_endpoint": null,
            "secondary_file_microsoft_host": null,
            "secondary_location": "westus",
            "secondary_queue_endpoint": null,
            "secondary_queue_host": null,
            "secondary_queue_microsoft_endpoint": null,
            "secondary_queue_microsoft_host": null,
            "secondary_table_endpoint": null,
            "secondary_table_host": null,
            "secondary_table_microsoft_endpoint": null,
            "secondary_table_microsoft_host": null,
            "secondary_web_endpoint": null,
            "secondary_web_host": null,
            "secondary_web_internet_endpoint": null,
            "secondary_web_internet_host": null,
            "secondary_web_microsoft_endpoint": null,
            "secondary_web_microsoft_host": null,
            "sftp_enabled": false,
            "share_properties": [
              {
                "cors_rule": [],
                "retention_policy": [
                  {
                    "days": 7
                  }
                ],
                "smb": []
              }
            ],
            "shared_access_key_enabled": true,
            "static_website": [],
            "table_encryption_key_type": "Service",
            "tags": {
              "environment": "production"
            },
            "timeouts": null
          },
          "sensitive_attributes": [],
          "private": "eyJlMmJmYjczMC1lY2FhLTExZTYtOGY4OC0zNDM2M2JjN2M0YzAiOnsiY3JlYXRlIjozNjAwMDAwMDAwMDAwLCJkZWxldGUiOjM2MDAwMDAwMDAwMDAsInJlYWQiOjMwMDAwMDAwMDAwMCwidXBkYXRlIjozNjAwMDAwMDAwMDAwfSwic2NoZW1hX3ZlcnNpb24iOiI0In0="
        }
      ]
    }
  ],
  "check_results": null
}
